
Microsoft Visual Studio Solution File, Format Version 12.00
# Visual Studio Version 16
VisualStudioVersion = 16.0.31702.278
MinimumVisualStudioVersion = 10.0.40219.1
Project("{9A19103F-16F7-4668-BE54-9A1E7A4F7556}") = "RMPQAapi.WebApi", "RMPQAapi.WebApi\RMPQAapi.WebApi.csproj", "{32F0464A-0313-49BF-A00F-A2D7F56433F5}"
EndProject
Project("{FAE04EC0-301F-11D3-BF4B-00C04F79EFBC}") = "RMPQAapi.Data", "RMPQAapi.Data\RMPQAapi.Data.csproj", "{F662229F-B3DA-40D7-8381-68D7AF674B8E}"
EndProject
Project("{FAE04EC0-301F-11D3-BF4B-00C04F79EFBC}") = "RMPQAapi.Domain", "RMPQAapi.Domain\RMPQAapi.Domain.csproj", "{55366462-B24D-4239-A9DB-1A9D208CB5CA}"
EndProject
Global
	GlobalSection(SolutionConfigurationPlatforms) = preSolution
		Debug|Any CPU = Debug|Any CPU
		Release|Any CPU = Release|Any CPU
	EndGlobalSection
	GlobalSection(ProjectConfigurationPlatforms) = postSolution
		{32F0464A-0313-49BF-A00F-A2D7F56433F5}.Debug|Any CPU.ActiveCfg = Debug|Any CPU
		{32F0464A-0313-49BF-A00F-A2D7F56433F5}.Debug|Any CPU.Build.0 = Debug|Any CPU
		{32F0464A-0313-49BF-A00F-A2D7F56433F5}.Release|Any CPU.ActiveCfg = Release|Any CPU
		{32F0464A-0313-49BF-A00F-A2D7F56433F5}.Release|Any CPU.Build.0 = Release|Any CPU
		{F662229F-B3DA-40D7-8381-68D7AF674B8E}.Debug|Any CPU.ActiveCfg = Debug|Any CPU
		{F662229F-B3DA-40D7-8381-68D7AF674B8E}.Debug|Any CPU.Build.0 = Debug|Any CPU
		{F662229F-B3DA-40D7-8381-68D7AF674B8E}.Release|Any CPU.ActiveCfg = Release|Any CPU
		{F662229F-B3DA-40D7-8381-68D7AF674B8E}.Release|Any CPU.Build.0 = Release|Any CPU
		{55366462-B24D-4239-A9DB-1A9D208CB5CA}.Debug|Any CPU.ActiveCfg = Debug|Any CPU
		{55366462-B24D-4239-A9DB-1A9D208CB5CA}.Debug|Any CPU.Build.0 = Debug|Any CPU
		{55366462-B24D-4239-A9DB-1A9D208CB5CA}.Release|Any CPU.ActiveCfg = Release|Any CPU
		{55366462-B24D-4239-A9DB-1A9D208CB5CA}.Release|Any CPU.Build.0 = Release|Any CPU
	EndGlobalSection
	GlobalSection(SolutionProperties) = preSolution
		HideSolutionNode = FALSE
	EndGlobalSection
	GlobalSection(ExtensibilityGlobals) = postSolution
		SolutionGuid = {819B3406-7F59-4DEF-BA4F-FCEE95B48696}
	EndGlobalSection
EndGlobal
